{
  "originHash" : "b257db8a2dbd52f9f259c4673cde8bb55e0d00e1461b9bea4a5cca63b2afb279",
  "pins" : [
    {
      "identity" : "lottie-ios",
      "kind" : "remoteSourceControl",
      "location" : "https://github.com/airbnb/lottie-ios",
      "state" : {
        "revision" : "0cb03fd7564d27345bcd96144b811e56212949c6",
        "version" : "4.6.0"
      }
    },
    {
      "identity" : "swiftuicharts",
      "kind" : "remoteSourceControl",
      "location" : "https://github.com/willdale/SwiftUICharts",
      "state" : {
        "revision" : "c16f47217d1e32900f6b37c322d419945fadae9c",
        "version" : "2.10.4"
      }
    }
  ],
  "version" : 3
}
